
Microsoft Visual Studio Solution File, Format Version 12.00
# Visual Studio Version 17
VisualStudioVersion = 17.2.32505.173
MinimumVisualStudioVersion = 10.0.40219.1
Project("{FAE04EC0-301F-11D3-BF4B-00C04F79EFBC}") = "Yomitan", "Yomitan\Yomitan.csproj", "{C8ED65D6-9DC6-43D6-81E2-068DEE85A6BD}"
EndProject
Project("{FAE04EC0-301F-11D3-BF4B-00C04F79EFBC}") = "Yomitan.Core", "Yomitan.Core\Yomitan.Core.csproj", "{9B07FE56-867E-4045-A88B-C37195ED9CB4}"
EndProject
Global
	GlobalSection(SolutionConfigurationPlatforms) = preSolution
		Debug|Any CPU = Debug|Any CPU
		Debug|x64 = Debug|x64
		Release|Any CPU = Release|Any CPU
		Release|x64 = Release|x64
	EndGlobalSection
	GlobalSection(ProjectConfigurationPlatforms) = postSolution
		{C8ED65D6-9DC6-43D6-81E2-068DEE85A6BD}.Debug|Any CPU.ActiveCfg = Debug|Any CPU
		{C8ED65D6-9DC6-43D6-81E2-068DEE85A6BD}.Debug|Any CPU.Build.0 = Debug|Any CPU
		{C8ED65D6-9DC6-43D6-81E2-068DEE85A6BD}.Debug|x64.ActiveCfg = Debug|x64
		{C8ED65D6-9DC6-43D6-81E2-068DEE85A6BD}.Debug|x64.Build.0 = Debug|x64
		{C8ED65D6-9DC6-43D6-81E2-068DEE85A6BD}.Release|Any CPU.ActiveCfg = Release|Any CPU
		{C8ED65D6-9DC6-43D6-81E2-068DEE85A6BD}.Release|Any CPU.Build.0 = Release|Any CPU
		{C8ED65D6-9DC6-43D6-81E2-068DEE85A6BD}.Release|x64.ActiveCfg = Release|x64
		{C8ED65D6-9DC6-43D6-81E2-068DEE85A6BD}.Release|x64.Build.0 = Release|x64
		{9B07FE56-867E-4045-A88B-C37195ED9CB4}.Debug|Any CPU.ActiveCfg = Debug|Any CPU
		{9B07FE56-867E-4045-A88B-C37195ED9CB4}.Debug|Any CPU.Build.0 = Debug|Any CPU
		{9B07FE56-867E-4045-A88B-C37195ED9CB4}.Debug|x64.ActiveCfg = Debug|Any CPU
		{9B07FE56-867E-4045-A88B-C37195ED9CB4}.Debug|x64.Build.0 = Debug|Any CPU
		{9B07FE56-867E-4045-A88B-C37195ED9CB4}.Release|Any CPU.ActiveCfg = Release|Any CPU
		{9B07FE56-867E-4045-A88B-C37195ED9CB4}.Release|Any CPU.Build.0 = Release|Any CPU
		{9B07FE56-867E-4045-A88B-C37195ED9CB4}.Release|x64.ActiveCfg = Release|Any CPU
		{9B07FE56-867E-4045-A88B-C37195ED9CB4}.Release|x64.Build.0 = Release|Any CPU
	EndGlobalSection
	GlobalSection(SolutionProperties) = preSolution
		HideSolutionNode = FALSE
	EndGlobalSection
	GlobalSection(ExtensibilityGlobals) = postSolution
		SolutionGuid = {3B173BE8-8292-4F6D-B144-38484C8BB14A}
	EndGlobalSection
EndGlobal
