
Microsoft Visual Studio Solution File, Format Version 12.00
# Visual Studio Version 17
VisualStudioVersion = 17.2.32505.173
MinimumVisualStudioVersion = 10.0.40219.1
Project("{FAE04EC0-301F-11D3-BF4B-00C04F79EFBC}") = "Yomitan", "Yomitan\Yomitan.csproj", "{C8ED65D6-9DC6-43D6-81E2-068DEE85A6BD}"
EndProject
Project("{FAE04EC0-301F-11D3-BF4B-00C04F79EFBC}") = "Yomitan.Shared", "Yomitan.Shared\Yomitan.Shared.csproj", "{9D5265B0-48ED-43C9-BDD9-0E59C7812F04}"
EndProject
Project("{FAE04EC0-301F-11D3-BF4B-00C04F79EFBC}") = "Yomitan.Tesseract", "Yomitan.Tesseract\Yomitan.Tesseract.csproj", "{13577C87-C414-4CFD-A7B0-527241213255}"
EndProject
Project("{FAE04EC0-301F-11D3-BF4B-00C04F79EFBC}") = "Yomitan.Kanjitomo", "Yomitan.Kanjitomo\Yomitan.Kanjitomo.csproj", "{2D6A7C66-353D-44AD-BAD8-8845C05BBD6B}"
EndProject
Global
	GlobalSection(SolutionConfigurationPlatforms) = preSolution
		Debug|Any CPU = Debug|Any CPU
		Debug|x64 = Debug|x64
		Release|Any CPU = Release|Any CPU
		Release|x64 = Release|x64
	EndGlobalSection
	GlobalSection(ProjectConfigurationPlatforms) = postSolution
		{C8ED65D6-9DC6-43D6-81E2-068DEE85A6BD}.Debug|Any CPU.ActiveCfg = Debug|Any CPU
		{C8ED65D6-9DC6-43D6-81E2-068DEE85A6BD}.Debug|Any CPU.Build.0 = Debug|Any CPU
		{C8ED65D6-9DC6-43D6-81E2-068DEE85A6BD}.Debug|x64.ActiveCfg = Debug|x64
		{C8ED65D6-9DC6-43D6-81E2-068DEE85A6BD}.Debug|x64.Build.0 = Debug|x64
		{C8ED65D6-9DC6-43D6-81E2-068DEE85A6BD}.Release|Any CPU.ActiveCfg = Release|Any CPU
		{C8ED65D6-9DC6-43D6-81E2-068DEE85A6BD}.Release|Any CPU.Build.0 = Release|Any CPU
		{C8ED65D6-9DC6-43D6-81E2-068DEE85A6BD}.Release|x64.ActiveCfg = Release|x64
		{C8ED65D6-9DC6-43D6-81E2-068DEE85A6BD}.Release|x64.Build.0 = Release|x64
		{9D5265B0-48ED-43C9-BDD9-0E59C7812F04}.Debug|Any CPU.ActiveCfg = Debug|Any CPU
		{9D5265B0-48ED-43C9-BDD9-0E59C7812F04}.Debug|Any CPU.Build.0 = Debug|Any CPU
		{9D5265B0-48ED-43C9-BDD9-0E59C7812F04}.Debug|x64.ActiveCfg = Debug|x64
		{9D5265B0-48ED-43C9-BDD9-0E59C7812F04}.Debug|x64.Build.0 = Debug|x64
		{9D5265B0-48ED-43C9-BDD9-0E59C7812F04}.Release|Any CPU.ActiveCfg = Release|Any CPU
		{9D5265B0-48ED-43C9-BDD9-0E59C7812F04}.Release|Any CPU.Build.0 = Release|Any CPU
		{9D5265B0-48ED-43C9-BDD9-0E59C7812F04}.Release|x64.ActiveCfg = Release|x64
		{9D5265B0-48ED-43C9-BDD9-0E59C7812F04}.Release|x64.Build.0 = Release|x64
		{13577C87-C414-4CFD-A7B0-527241213255}.Debug|Any CPU.ActiveCfg = Debug|Any CPU
		{13577C87-C414-4CFD-A7B0-527241213255}.Debug|Any CPU.Build.0 = Debug|Any CPU
		{13577C87-C414-4CFD-A7B0-527241213255}.Debug|x64.ActiveCfg = Debug|Any CPU
		{13577C87-C414-4CFD-A7B0-527241213255}.Debug|x64.Build.0 = Debug|Any CPU
		{13577C87-C414-4CFD-A7B0-527241213255}.Release|Any CPU.ActiveCfg = Release|Any CPU
		{13577C87-C414-4CFD-A7B0-527241213255}.Release|Any CPU.Build.0 = Release|Any CPU
		{13577C87-C414-4CFD-A7B0-527241213255}.Release|x64.ActiveCfg = Release|Any CPU
		{13577C87-C414-4CFD-A7B0-527241213255}.Release|x64.Build.0 = Release|Any CPU
		{2D6A7C66-353D-44AD-BAD8-8845C05BBD6B}.Debug|Any CPU.ActiveCfg = Debug|Any CPU
		{2D6A7C66-353D-44AD-BAD8-8845C05BBD6B}.Debug|Any CPU.Build.0 = Debug|Any CPU
		{2D6A7C66-353D-44AD-BAD8-8845C05BBD6B}.Debug|x64.ActiveCfg = Debug|Any CPU
		{2D6A7C66-353D-44AD-BAD8-8845C05BBD6B}.Debug|x64.Build.0 = Debug|Any CPU
		{2D6A7C66-353D-44AD-BAD8-8845C05BBD6B}.Release|Any CPU.ActiveCfg = Release|Any CPU
		{2D6A7C66-353D-44AD-BAD8-8845C05BBD6B}.Release|Any CPU.Build.0 = Release|Any CPU
		{2D6A7C66-353D-44AD-BAD8-8845C05BBD6B}.Release|x64.ActiveCfg = Release|Any CPU
		{2D6A7C66-353D-44AD-BAD8-8845C05BBD6B}.Release|x64.Build.0 = Release|Any CPU
	EndGlobalSection
	GlobalSection(SolutionProperties) = preSolution
		HideSolutionNode = FALSE
	EndGlobalSection
	GlobalSection(ExtensibilityGlobals) = postSolution
		SolutionGuid = {3B173BE8-8292-4F6D-B144-38484C8BB14A}
	EndGlobalSection
EndGlobal
